{
  "version": "5",
  "redirects": {
    "https://esm.sh/@supabase/supabase-js@2": "https://esm.sh/@supabase/supabase-js@2.117.3"
  },
  "remote": {
    "https://esm.sh/@supabase/supabase-js@2.117.3": "614f9e550b12b4be7054f947cc4949ebcc0eceeb8e83f7e226cc875356e9b126"
  },
  "workspace": {
    "packageJson": {
      "dependencies": [
        "npm:@supabase/supabase-js@^2.57.0",
        "npm:@vitejs/plugin-react@^4.7.0",
        "npm:lucide-react@0.460",
        "npm:react-dom@^18.3.1",
        "npm:react-router-dom@^7.18.4",
        "npm:react@^18.3.1",
        "npm:typescript@^5.7.2",
        "npm:vite@^6.4.3"
      ]
    }
  }
}
